
Microsoft Visual Studio Solution File, Format Version 12.00
# Visual Studio Version 17
VisualStudioVersion = 17.11.35222.181
MinimumVisualStudioVersion = 10.0.40219.1
Project("{9A19103F-16F7-4668-BE54-9A1E7A4F7556}") = "CineApi", "Tpi Cine Grupo12\CineApi.csproj", "{904C4D8E-C637-403A-A5E9-0958F4951329}"
EndProject
Global
	GlobalSection(SolutionConfigurationPlatforms) = preSolution
		Debug|Any CPU = Debug|Any CPU
		Release|Any CPU = Release|Any CPU
	EndGlobalSection
	GlobalSection(ProjectConfigurationPlatforms) = postSolution
		{904C4D8E-C637-403A-A5E9-0958F4951329}.Debug|Any CPU.ActiveCfg = Debug|Any CPU
		{904C4D8E-C637-403A-A5E9-0958F4951329}.Debug|Any CPU.Build.0 = Debug|Any CPU
		{904C4D8E-C637-403A-A5E9-0958F4951329}.Release|Any CPU.ActiveCfg = Release|Any CPU
		{904C4D8E-C637-403A-A5E9-0958F4951329}.Release|Any CPU.Build.0 = Release|Any CPU
	EndGlobalSection
	GlobalSection(SolutionProperties) = preSolution
		HideSolutionNode = FALSE
	EndGlobalSection
	GlobalSection(ExtensibilityGlobals) = postSolution
		SolutionGuid = {445F38C0-7F07-4A12-AE27-FDB26B7C63FD}
	EndGlobalSection
EndGlobal
